// !$*UTF8*$!
{
	archiveVersion = 1;
	classes = {
	};
	objectVersion = 46;
	objects = {

/* Begin PBXBuildFile section */
		961483B11A75480D001CFA97 /* AppDelegate.swift in Sources */ = {isa = PBXBuildFile; fileRef = 961483B01A75480D001CFA97 /* AppDelegate.swift */; };
		961483B31A75480D001CFA97 /* ViewController.swift in Sources */ = {isa = PBXBuildFile; fileRef = 961483B21A75480D001CFA97 /* ViewController.swift */; };
		961483B61A75480D001CFA97 /* Main.storyboard in Resources */ = {isa = PBXBuildFile; fileRef = 961483B41A75480D001CFA97 /* Main.storyboard */; };
		961483B81A75480D001CFA97 /* Images.xcassets in Resources */ = {isa = PBXBuildFile; fileRef = 961483B71A75480D001CFA97 /* Images.xcassets */; };
		961483BB1A75480D001CFA97 /* LaunchScreen.xib in Resources */ = {isa = PBXBuildFile; fileRef = 961483B91A75480D001CFA97 /* LaunchScreen.xib */; };
		961483C71A75480D001CFA97 /* SingletonTestTests.swift in Sources */ = {isa = PBXBuildFile; fileRef = 961483C61A75480D001CFA97 /* SingletonTestTests.swift */; };
		961483D11A75482E001CFA97 /* ConstSingleton.swift in Sources */ = {isa = PBXBuildFile; fileRef = 961483D01A75482E001CFA97 /* ConstSingleton.swift */; };
/* End PBXBuildFile section */

/* Begin PBXContainerItemProxy section */
		961483C11A75480D001CFA97 /* PBXContainerItemProxy */ = {
			isa = PBXContainerItemProxy;
			containerPortal = 961483A31A75480D001CFA97 /* Project object */;
			proxyType = 1;
			remoteGlobalIDString = 961483AA1A75480D001CFA97;
			remoteInfo = SingletonTest;
		};
/* End PBXContainerItemProxy section */

/* Begin PBXFileReference section */
		961483AB1A75480D001CFA97 /* SingletonTest.app */ = {isa = PBXFileReference; explicitFileType = wrapper.application; includeInIndex = 0; path = SingletonTest.app; sourceTree = BUILT_PRODUCTS_DIR; };
		961483AF1A75480D001CFA97 /* Info.plist */ = {isa = PBXFileReference; lastKnownFileType = text.plist.xml; path = Info.plist; sourceTree = "<group>"; };
		961483B01A75480D001CFA97 /* AppDelegate.swift */ = {isa = PBXFileReference; lastKnownFileType = sourcecode.swift; path = AppDelegate.swift; sourceTree = "<group>"; };
		961483B21A75480D001CFA97 /* ViewController.swift */ = {isa = PBXFileReference; lastKnownFileType = sourcecode.swift; path = ViewController.swift; sourceTree = "<group>"; };
		961483B51A75480D001CFA97 /* Base */ = {isa = PBXFileReference; lastKnownFileType = file.storyboard; name = Base; path = Base.lproj/Main.storyboard; sourceTree = "<group>"; };
		961483B71A75480D001CFA97 /* Images.xcassets */ = {isa = PBXFileReference; lastKnownFileType = folder.assetcatalog; path = Images.xcassets; sourceTree = "<group>"; };
		961483BA1A75480D001CFA97 /* Base */ = {isa = PBXFileReference; lastKnownFileType = file.xib; name = Base; path = Base.lproj/LaunchScreen.xib; sourceTree = "<group>"; };
		961483C01A75480D001CFA97 /* SingletonTestTests.xctest */ = {isa = PBXFileReference; explicitFileType = wrapper.cfbundle; includeInIndex = 0; path = SingletonTestTests.xctest; sourceTree = BUILT_PRODUCTS_DIR; };
		961483C51A75480D001CFA97 /* Info.plist */ = {isa = PBXFileReference; lastKnownFileType = text.plist.xml; path = Info.plist; sourceTree = "<group>"; };
		961483C61A75480D001CFA97 /* SingletonTestTests.swift */ = {isa = PBXFileReference; lastKnownFileType = sourcecode.swift; path = SingletonTestTests.swift; sourceTree = "<group>"; };
		961483D01A75482E001CFA97 /* ConstSingleton.swift */ = {isa = PBXFileReference; fileEncoding = 4; lastKnownFileType = sourcecode.swift; path = ConstSingleton.swift; sourceTree = "<group>"; };
/* End PBXFileReference section */

/* Begin PBXFrameworksBuildPhase section */
		961483A81A75480D001CFA97 /* Frameworks */ = {
			isa = PBXFrameworksBuildPhase;
			buildActionMask = 2147483647;
			files = (
			);
			runOnlyForDeploymentPostprocessing = 0;
		};
		961483BD1A75480D001CFA97 /* Frameworks */ = {
			isa = PBXFrameworksBuildPhase;
			buildActionMask = 2147483647;
			files = (
			);
			runOnlyForDeploymentPostprocessing = 0;
		};
/* End PBXFrameworksBuildPhase section */

/* Begin PBXGroup section */
		961483A21A75480D001CFA97 = {
			isa = PBXGroup;
			children = (
				961483AD1A75480D001CFA97 /* SingletonTest */,
				961483C31A75480D001CFA97 /* SingletonTestTests */,
				961483AC1A75480D001CFA97 /* Products */,
			);
			sourceTree = "<group>";
		};
		961483AC1A75480D001CFA97 /* Products */ = {
			isa = PBXGroup;
			children = (
				961483AB1A75480D001CFA97 /* SingletonTest.app */,
				961483C01A75480D001CFA97 /* SingletonTestTests.xctest */,
			);
			name = Products;
			sourceTree = "<group>";
		};
		961483AD1A75480D001CFA97 /* SingletonTest */ = {
			isa = PBXGroup;
			children = (
				961483B01A75480D001CFA97 /* AppDelegate.swift */,
				961483B21A75480D001CFA97 /* ViewController.swift */,
				961483B41A75480D001CFA97 /* Main.storyboard */,
				961483B71A75480D001CFA97 /* Images.xcassets */,
				961483B91A75480D001CFA97 /* LaunchScreen.xib */,
				961483AE1A75480D001CFA97 /* Supporting Files */,
				961483D01A75482E001CFA97 /* ConstSingleton.swift */,
			);
			path = SingletonTest;
			sourceTree = "<group>";
		};
		961483AE1A75480D001CFA97 /* Supporting Files */ = {
			isa = PBXGroup;
			children = (
				961483AF1A75480D001CFA97 /* Info.plist */,
			);
			name = "Supporting Files";
			sourceTree = "<group>";
		};
		961483C31A75480D001CFA97 /* SingletonTestTests */ = {
			isa = PBXGroup;
			children = (
				961483C61A75480D001CFA97 /* SingletonTestTests.swift */,
				961483C41A75480D001CFA97 /* Supporting Files */,
			);
			path = SingletonTestTests;
			sourceTree = "<group>";
		};
		961483C41A75480D001CFA97 /* Supporting Files */ = {
			isa = PBXGroup;
			children = (
				961483C51A75480D001CFA97 /* Info.plist */,
			);
			name = "Supporting Files";
			sourceTree = "<group>";
		};
/* End PBXGroup section */

/* Begin PBXNativeTarget section */
		961483AA1A75480D001CFA97 /* SingletonTest */ = {
			isa = PBXNativeTarget;
			buildConfigurationList = 961483CA1A75480D001CFA97 /* Build configuration list for PBXNativeTarget "SingletonTest" */;
			buildPhases = (
				961483A71A75480D001CFA97 /* Sources */,
				961483A81A75480D001CFA97 /* Frameworks */,
				961483A91A75480D001CFA97 /* Resources */,
			);
			buildRules = (
			);
			dependencies = (
			);
			name = SingletonTest;
			productName = SingletonTest;
			productReference = 961483AB1A75480D001CFA97 /* SingletonTest.app */;
			productType = "com.apple.product-type.application";
		};
		961483BF1A75480D001CFA97 /* SingletonTestTests */ = {
			isa = PBXNativeTarget;
			buildConfigurationList = 961483CD1A75480D001CFA97 /* Build configuration list for PBXNativeTarget "SingletonTestTests" */;
			buildPhases = (
				961483BC1A75480D001CFA97 /* Sources */,
				961483BD1A75480D001CFA97 /* Frameworks */,
				961483BE1A75480D001CFA97 /* Resources */,
			);
			buildRules = (
			);
			dependencies = (
				961483C21A75480D001CFA97 /* PBXTargetDependency */,
			);
			name = SingletonTestTests;
			productName = SingletonTestTests;
			productReference = 961483C01A75480D001CFA97 /* SingletonTestTests.xctest */;
			productType = "com.apple.product-type.bundle.unit-test";
		};
/* End PBXNativeTarget section */

/* Begin PBXProject section */
		961483A31A75480D001CFA97 /* Project object */ = {
			isa = PBXProject;
			attributes = {
				LastUpgradeCheck = 0610;
				ORGANIZATIONNAME = Tor;
				TargetAttributes = {
					961483AA1A75480D001CFA97 = {
						CreatedOnToolsVersion = 6.1.1;
					};
					961483BF1A75480D001CFA97 = {
						CreatedOnToolsVersion = 6.1.1;
						TestTargetID = 961483AA1A75480D001CFA97;
					};
				};
			};
			buildConfigurationList = 961483A61A75480D001CFA97 /* Build configuration list for PBXProject "SingletonTest" */;
			compatibilityVersion = "Xcode 3.2";
			developmentRegion = English;
			hasScannedForEncodings = 0;
			knownRegions = (
				en,
				Base,
			);
			mainGroup = 961483A21A75480D001CFA97;
			productRefGroup = 961483AC1A75480D001CFA97 /* Products */;
			projectDirPath = "";
			projectRoot = "";
			targets = (
				961483AA1A75480D001CFA97 /* SingletonTest */,
				961483BF1A75480D001CFA97 /* SingletonTestTests */,
			);
		};
/* End PBXProject section */

/* Begin PBXResourcesBuildPhase section */
		961483A91A75480D001CFA97 /* Resources */ = {
			isa = PBXResourcesBuildPhase;
			buildActionMask = 2147483647;
			files = (
				961483B61A75480D001CFA97 /* Main.storyboard in Resources */,
				961483BB1A75480D001CFA97 /* LaunchScreen.xib in Resources */,
				961483B81A75480D001CFA97 /* Images.xcassets in Resources */,
			);
			runOnlyForDeploymentPostprocessing = 0;
		};
		961483BE1A75480D001CFA97 /* Resources */ = {
			isa = PBXResourcesBuildPhase;
			buildActionMask = 2147483647;
			files = (
			);
			runOnlyForDeploymentPostprocessing = 0;
		};
/* End PBXResourcesBuildPhase section */

/* Begin PBXSourcesBuildPhase section */
		961483A71A75480D001CFA97 /* Sources */ = {
			isa = PBXSourcesBuildPhase;
			buildActionMask = 2147483647;
			files = (
				961483B31A75480D001CFA97 /* ViewController.swift in Sources */,
				961483D11A75482E001CFA97 /* ConstSingleton.swift in Sources */,
				961483B11A75480D001CFA97 /* AppDelegate.swift in Sources */,
			);
			runOnlyForDeploymentPostprocessing = 0;
		};
		961483BC1A75480D001CFA97 /* Sources */ = {
			isa = PBXSourcesBuildPhase;
			buildActionMask = 2147483647;
			files = (
				961483C71A75480D001CFA97 /* SingletonTestTests.swift in Sources */,
			);
			runOnlyForDeploymentPostprocessing = 0;
		};
/* End PBXSourcesBuildPhase section */

/* Begin PBXTargetDependency section */
		961483C21A75480D001CFA97 /* PBXTargetDependency */ = {
			isa = PBXTargetDependency;
			target = 961483AA1A75480D001CFA97 /* SingletonTest */;
			targetProxy = 961483C11A75480D001CFA97 /* PBXContainerItemProxy */;
		};
/* End PBXTargetDependency section */

/* Begin PBXVariantGroup section */
		961483B41A75480D001CFA97 /* Main.storyboard */ = {
			isa = PBXVariantGroup;
			children = (
				961483B51A75480D001CFA97 /* Base */,
			);
			name = Main.storyboard;
			sourceTree = "<group>";
		};
		961483B91A75480D001CFA97 /* LaunchScreen.xib */ = {
			isa = PBXVariantGroup;
			children = (
				961483BA1A75480D001CFA97 /* Base */,
			);
			name = LaunchScreen.xib;
			sourceTree = "<group>";
		};
/* End PBXVariantGroup section */

/* Begin XCBuildConfiguration section */
		961483C81A75480D001CFA97 /* Debug */ = {
			isa = XCBuildConfiguration;
			buildSettings = {
				ALWAYS_SEARCH_USER_PATHS = NO;
				CLANG_CXX_LANGUAGE_STANDARD = "gnu++0x";
				CLANG_CXX_LIBRARY = "libc++";
				CLANG_ENABLE_MODULES = YES;
				CLANG_ENABLE_OBJC_ARC = YES;
				CLANG_WARN_BOOL_CONVERSION = YES;
				CLANG_WARN_CONSTANT_CONVERSION = YES;
				CLANG_WARN_DIRECT_OBJC_ISA_USAGE = YES_ERROR;
				CLANG_WARN_EMPTY_BODY = YES;
				CLANG_WARN_ENUM_CONVERSION = YES;
				CLANG_WARN_INT_CONVERSION = YES;
				CLANG_WARN_OBJC_ROOT_CLASS = YES_ERROR;
				CLANG_WARN_UNREACHABLE_CODE = YES;
				CLANG_WARN__DUPLICATE_METHOD_MATCH = YES;
				"CODE_SIGN_IDENTITY[sdk=iphoneos*]" = "iPhone Developer";
				COPY_PHASE_STRIP = NO;
				ENABLE_STRICT_OBJC_MSGSEND = YES;
				GCC_C_LANGUAGE_STANDARD = gnu99;
				GCC_DYNAMIC_NO_PIC = NO;
				GCC_OPTIMIZATION_LEVEL = 0;
				GCC_PREPROCESSOR_DEFINITIONS = (
					"DEBUG=1",
					"$(inherited)",
				);
				GCC_SYMBOLS_PRIVATE_EXTERN = NO;
				GCC_WARN_64_TO_32_BIT_CONVERSION = YES;
				GCC_WARN_ABOUT_RETURN_TYPE = YES_ERROR;
				GCC_WARN_UNDECLARED_SELECTOR = YES;
				GCC_WARN_UNINITIALIZED_AUTOS = YES_AGGRESSIVE;
				GCC_WARN_UNUSED_FUNCTION = YES;
				GCC_WARN_UNUSED_VARIABLE = YES;
				IPHONEOS_DEPLOYMENT_TARGET = 8.1;
				MTL_ENABLE_DEBUG_INFO = YES;
				ONLY_ACTIVE_ARCH = YES;
				SDKROOT = iphoneos;
				SWIFT_OPTIMIZATION_LEVEL = "-Onone";
				TARGETED_DEVICE_FAMILY = "1,2";
			};
			name = Debug;
		};
		961483C91A75480D001CFA97 /* Release */ = {
			isa = XCBuildConfiguration;
			buildSettings = {
				ALWAYS_SEARCH_USER_PATHS = NO;
				CLANG_CXX_LANGUAGE_STANDARD = "gnu++0x";
				CLANG_CXX_LIBRARY = "libc++";
				CLANG_ENABLE_MODULES = YES;
				CLANG_ENABLE_OBJC_ARC = YES;
				CLANG_WARN_BOOL_CONVERSION = YES;
				CLANG_WARN_CONSTANT_CONVERSION = YES;
				CLANG_WARN_DIRECT_OBJC_ISA_USAGE = YES_ERROR;
				CLANG_WARN_EMPTY_BODY = YES;
				CLANG_WARN_ENUM_CONVERSION = YES;
				CLANG_WARN_INT_CONVERSION = YES;
				CLANG_WARN_OBJC_ROOT_CLASS = YES_ERROR;
				CLANG_WARN_UNREACHABLE_CODE = YES;
				CLANG_WARN__DUPLICATE_METHOD_MATCH = YES;
				"CODE_SIGN_IDENTITY[sdk=iphoneos*]" = "iPhone Developer";
				COPY_PHASE_STRIP = YES;
				ENABLE_NS_ASSERTIONS = NO;
				ENABLE_STRICT_OBJC_MSGSEND = YES;
				GCC_C_LANGUAGE_STANDARD = gnu99;
				GCC_WARN_64_TO_32_BIT_CONVERSION = YES;
				GCC_WARN_ABOUT_RETURN_TYPE = YES_ERROR;
				GCC_WARN_UNDECLARED_SELECTOR = YES;
				GCC_WARN_UNINITIALIZED_AUTOS = YES_AGGRESSIVE;
				GCC_WARN_UNUSED_FUNCTION = YES;
				GCC_WARN_UNUSED_VARIABLE = YES;
				IPHONEOS_DEPLOYMENT_TARGET = 8.1;
				MTL_ENABLE_DEBUG_INFO = NO;
				SDKROOT = iphoneos;
				TARGETED_DEVICE_FAMILY = "1,2";
				VALIDATE_PRODUCT = YES;
			};
			name = Release;
		};
		961483CB1A75480D001CFA97 /* Debug */ = {
			isa = XCBuildConfiguration;
			buildSettings = {
				ASSETCATALOG_COMPILER_APPICON_NAME = AppIcon;
				INFOPLIST_FILE = SingletonTest/Info.plist;
				LD_RUNPATH_SEARCH_PATHS = "$(inherited) @executable_path/Frameworks";
				PRODUCT_NAME = "$(TARGET_NAME)";
			};
			name = Debug;
		};
		961483CC1A75480D001CFA97 /* Release */ = {
			isa = XCBuildConfiguration;
			buildSettings = {
				ASSETCATALOG_COMPILER_APPICON_NAME = AppIcon;
				INFOPLIST_FILE = SingletonTest/Info.plist;
				LD_RUNPATH_SEARCH_PATHS = "$(inherited) @executable_path/Frameworks";
				PRODUCT_NAME = "$(TARGET_NAME)";
			};
			name = Release;
		};
		961483CE1A75480D001CFA97 /* Debug */ = {
			isa = XCBuildConfiguration;
			buildSettings = {
				BUNDLE_LOADER = "$(TEST_HOST)";
				FRAMEWORK_SEARCH_PATHS = (
					"$(SDKROOT)/Developer/Library/Frameworks",
					"$(inherited)",
				);
				GCC_PREPROCESSOR_DEFINITIONS = (
					"DEBUG=1",
					"$(inherited)",
				);
				INFOPLIST_FILE = SingletonTestTests/Info.plist;
				LD_RUNPATH_SEARCH_PATHS = "$(inherited) @executable_path/Frameworks @loader_path/Frameworks";
				PRODUCT_NAME = "$(TARGET_NAME)";
				TEST_HOST = "$(BUILT_PRODUCTS_DIR)/SingletonTest.app/SingletonTest";
			};
			name = Debug;
		};
		961483CF1A75480D001CFA97 /* Release */ = {
			isa = XCBuildConfiguration;
			buildSettings = {
				BUNDLE_LOADER = "$(TEST_HOST)";
				FRAMEWORK_SEARCH_PATHS = (
					"$(SDKROOT)/Developer/Library/Frameworks",
					"$(inherited)",
				);
				INFOPLIST_FILE = SingletonTestTests/Info.plist;
				LD_RUNPATH_SEARCH_PATHS = "$(inherited) @executable_path/Frameworks @loader_path/Frameworks";
				PRODUCT_NAME = "$(TARGET_NAME)";
				TEST_HOST = "$(BUILT_PRODUCTS_DIR)/SingletonTest.app/SingletonTest";
			};
			name = Release;
		};
/* End XCBuildConfiguration section */

/* Begin XCConfigurationList section */
		961483A61A75480D001CFA97 /* Build configuration list for PBXProject "SingletonTest" */ = {
			isa = XCConfigurationList;
			buildConfigurations = (
				961483C81A75480D001CFA97 /* Debug */,
				961483C91A75480D001CFA97 /* Release */,
			);
			defaultConfigurationIsVisible = 0;
			defaultConfigurationName = Release;
		};
		961483CA1A75480D001CFA97 /* Build configuration list for PBXNativeTarget "SingletonTest" */ = {
			isa = XCConfigurationList;
			buildConfigurations = (
				961483CB1A75480D001CFA97 /* Debug */,
				961483CC1A75480D001CFA97 /* Release */,
			);
			defaultConfigurationIsVisible = 0;
		};
		961483CD1A75480D001CFA97 /* Build configuration list for PBXNativeTarget "SingletonTestTests" */ = {
			isa = XCConfigurationList;
			buildConfigurations = (
				961483CE1A75480D001CFA97 /* Debug */,
				961483CF1A75480D001CFA97 /* Release */,
			);
			defaultConfigurationIsVisible = 0;
		};
/* End XCConfigurationList section */
	};
	rootObject = 961483A31A75480D001CFA97 /* Project object */;
}
